
Microsoft Visual Studio Solution File, Format Version 12.00
# Visual Studio Version 18
VisualStudioVersion = 18.3.11527.330
MinimumVisualStudioVersion = 10.0.40219.1
Project("{8BC9CEB8-8B4A-11D0-8D11-00A0C91BC942}") = "KujataEngine", "KujataEngine\KujataEngine.vcxproj", "{A180AA57-47D1-4C0A-B744-751E038ADA71}"
EndProject
Project("{8BC9CEB8-8B4A-11D0-8D11-00A0C91BC942}") = "GameModule", "DirectXGame\GameModule\GameModule.vcxproj", "{9DAB0B5A-5070-4A27-9E45-9B45FBEB1E32}"
	ProjectSection(ProjectDependencies) = postProject
		{A180AA57-47D1-4C0A-B744-751E038ADA71} = {A180AA57-47D1-4C0A-B744-751E038ADA71}
	EndProjectSection
EndProject
Project("{2150E333-8FDC-42A3-9474-1A3956D46DE8}") = "ソリューション項目", "ソリューション項目", "{2022CB0F-8BAF-F49E-0C48-8EF4C96EC109}"
	ProjectSection(SolutionItems) = preProject
		.editorconfig = .editorconfig
	EndProjectSection
EndProject
Project("{8BC9CEB8-8B4A-11D0-8D11-00A0C91BC942}") = "DirectXTex", "externals\DirectXTex\DirectXTex_Desktop_2022_Win10.vcxproj", "{371B9FA9-4C90-4AC6-A123-ACED756D6C77}"
EndProject
Global
	GlobalSection(SolutionConfigurationPlatforms) = preSolution
		Debug|x64 = Debug|x64
		Development|x64 = Development|x64
		Release|x64 = Release|x64
	EndGlobalSection
	GlobalSection(ProjectConfigurationPlatforms) = postSolution
		{A180AA57-47D1-4C0A-B744-751E038ADA71}.Debug|x64.ActiveCfg = Debug|x64
		{A180AA57-47D1-4C0A-B744-751E038ADA71}.Debug|x64.Build.0 = Debug|x64
		{A180AA57-47D1-4C0A-B744-751E038ADA71}.Development|x64.ActiveCfg = Development|x64
		{A180AA57-47D1-4C0A-B744-751E038ADA71}.Development|x64.Build.0 = Development|x64
		{A180AA57-47D1-4C0A-B744-751E038ADA71}.Release|x64.ActiveCfg = Release|x64
		{A180AA57-47D1-4C0A-B744-751E038ADA71}.Release|x64.Build.0 = Release|x64
		{9DAB0B5A-5070-4A27-9E45-9B45FBEB1E32}.Debug|x64.ActiveCfg = Debug|x64
		{9DAB0B5A-5070-4A27-9E45-9B45FBEB1E32}.Debug|x64.Build.0 = Debug|x64
		{9DAB0B5A-5070-4A27-9E45-9B45FBEB1E32}.Development|x64.ActiveCfg = Development|x64
		{9DAB0B5A-5070-4A27-9E45-9B45FBEB1E32}.Development|x64.Build.0 = Development|x64
		{9DAB0B5A-5070-4A27-9E45-9B45FBEB1E32}.Release|x64.ActiveCfg = Release|x64
		{9DAB0B5A-5070-4A27-9E45-9B45FBEB1E32}.Release|x64.Build.0 = Release|x64
		{371B9FA9-4C90-4AC6-A123-ACED756D6C77}.Debug|x64.ActiveCfg = Debug|x64
		{371B9FA9-4C90-4AC6-A123-ACED756D6C77}.Debug|x64.Build.0 = Debug|x64
		{371B9FA9-4C90-4AC6-A123-ACED756D6C77}.Development|x64.ActiveCfg = Development|x64
		{371B9FA9-4C90-4AC6-A123-ACED756D6C77}.Development|x64.Build.0 = Development|x64
		{371B9FA9-4C90-4AC6-A123-ACED756D6C77}.Release|x64.ActiveCfg = Release|x64
		{371B9FA9-4C90-4AC6-A123-ACED756D6C77}.Release|x64.Build.0 = Release|x64
	EndGlobalSection
	GlobalSection(SolutionProperties) = preSolution
		HideSolutionNode = FALSE
	EndGlobalSection
	GlobalSection(ExtensibilityGlobals) = postSolution
		SolutionGuid = {0C498C31-C518-4E62-8D38-32300DDA38D4}
	EndGlobalSection
EndGlobal
